// !$*UTF8*$!
{
	archiveVersion = 1;
	classes = {
	};
	objectVersion = 46;
	objects = {

/* Begin PBXBuildFile section */
		326E089E198130BE00586605 /* AppDelegate.swift in Sources */ = {isa = PBXBuildFile; fileRef = 326E089D198130BE00586605 /* AppDelegate.swift */; };
		326E08A2198130BE00586605 /* GameScene.swift in Sources */ = {isa = PBXBuildFile; fileRef = 326E08A1198130BE00586605 /* GameScene.swift */; };
		326E08A4198130BE00586605 /* GameViewController.swift in Sources */ = {isa = PBXBuildFile; fileRef = 326E08A3198130BE00586605 /* GameViewController.swift */; };
		326E08A7198130BE00586605 /* Main.storyboard in Resources */ = {isa = PBXBuildFile; fileRef = 326E08A5198130BE00586605 /* Main.storyboard */; };
		326E08A9198130BE00586605 /* Images.xcassets in Resources */ = {isa = PBXBuildFile; fileRef = 326E08A8198130BE00586605 /* Images.xcassets */; };
		326E08B5198130BE00586605 /* CoockieCrunchTests.swift in Sources */ = {isa = PBXBuildFile; fileRef = 326E08B4198130BE00586605 /* CoockieCrunchTests.swift */; };
		326E08BF1981311C00586605 /* Sprites.atlas in Resources */ = {isa = PBXBuildFile; fileRef = 326E08BE1981311C00586605 /* Sprites.atlas */; };
		326E08C1198132A200586605 /* Cookie.swift in Sources */ = {isa = PBXBuildFile; fileRef = 326E08C0198132A200586605 /* Cookie.swift */; };
		32BE455C198134930091C84E /* Array2D.swift in Sources */ = {isa = PBXBuildFile; fileRef = 32BE455B198134930091C84E /* Array2D.swift */; };
		32BE455E198138A50091C84E /* Set.swift in Sources */ = {isa = PBXBuildFile; fileRef = 32BE455D198138A50091C84E /* Set.swift */; };
		32BE4560198139490091C84E /* Level.swift in Sources */ = {isa = PBXBuildFile; fileRef = 32BE455F198139490091C84E /* Level.swift */; };
		32BE456B19813F660091C84E /* Level_0.json in Resources */ = {isa = PBXBuildFile; fileRef = 32BE456619813F660091C84E /* Level_0.json */; };
		32BE456C19813F660091C84E /* Level_1.json in Resources */ = {isa = PBXBuildFile; fileRef = 32BE456719813F660091C84E /* Level_1.json */; };
		32BE456D19813F660091C84E /* Level_2.json in Resources */ = {isa = PBXBuildFile; fileRef = 32BE456819813F660091C84E /* Level_2.json */; };
		32BE456E19813F660091C84E /* Level_3.json in Resources */ = {isa = PBXBuildFile; fileRef = 32BE456919813F660091C84E /* Level_3.json */; };
		32BE456F19813F660091C84E /* Level_4.json in Resources */ = {isa = PBXBuildFile; fileRef = 32BE456A19813F660091C84E /* Level_4.json */; };
		32BE457119813FB80091C84E /* Tile.swift in Sources */ = {isa = PBXBuildFile; fileRef = 32BE457019813FB80091C84E /* Tile.swift */; };
		32BE45731981405D0091C84E /* Extensions.swift in Sources */ = {isa = PBXBuildFile; fileRef = 32BE45721981405D0091C84E /* Extensions.swift */; };
/* End PBXBuildFile section */

/* Begin PBXContainerItemProxy section */
		326E08AF198130BE00586605 /* PBXContainerItemProxy */ = {
			isa = PBXContainerItemProxy;
			containerPortal = 326E0890198130BE00586605 /* Project object */;
			proxyType = 1;
			remoteGlobalIDString = 326E0897198130BE00586605;
			remoteInfo = CoockieCrunch;
		};
/* End PBXContainerItemProxy section */

/* Begin PBXFileReference section */
		326E0898198130BE00586605 /* CoockieCrunch.app */ = {isa = PBXFileReference; explicitFileType = wrapper.application; includeInIndex = 0; path = CoockieCrunch.app; sourceTree = BUILT_PRODUCTS_DIR; };
		326E089C198130BE00586605 /* Info.plist */ = {isa = PBXFileReference; lastKnownFileType = text.plist.xml; path = Info.plist; sourceTree = "<group>"; };
		326E089D198130BE00586605 /* AppDelegate.swift */ = {isa = PBXFileReference; lastKnownFileType = sourcecode.swift; path = AppDelegate.swift; sourceTree = "<group>"; };
		326E08A1198130BE00586605 /* GameScene.swift */ = {isa = PBXFileReference; lastKnownFileType = sourcecode.swift; path = GameScene.swift; sourceTree = "<group>"; };
		326E08A3198130BE00586605 /* GameViewController.swift */ = {isa = PBXFileReference; lastKnownFileType = sourcecode.swift; path = GameViewController.swift; sourceTree = "<group>"; };
		326E08A6198130BE00586605 /* Base */ = {isa = PBXFileReference; lastKnownFileType = file.storyboard; name = Base; path = Base.lproj/Main.storyboard; sourceTree = "<group>"; };
		326E08A8198130BE00586605 /* Images.xcassets */ = {isa = PBXFileReference; lastKnownFileType = folder.assetcatalog; path = Images.xcassets; sourceTree = "<group>"; };
		326E08AE198130BE00586605 /* CoockieCrunchTests.xctest */ = {isa = PBXFileReference; explicitFileType = wrapper.cfbundle; includeInIndex = 0; path = CoockieCrunchTests.xctest; sourceTree = BUILT_PRODUCTS_DIR; };
		326E08B3198130BE00586605 /* Info.plist */ = {isa = PBXFileReference; lastKnownFileType = text.plist.xml; path = Info.plist; sourceTree = "<group>"; };
		326E08B4198130BE00586605 /* CoockieCrunchTests.swift */ = {isa = PBXFileReference; lastKnownFileType = sourcecode.swift; path = CoockieCrunchTests.swift; sourceTree = "<group>"; };
		326E08BE1981311C00586605 /* Sprites.atlas */ = {isa = PBXFileReference; lastKnownFileType = folder.skatlas; path = Sprites.atlas; sourceTree = "<group>"; };
		326E08C0198132A200586605 /* Cookie.swift */ = {isa = PBXFileReference; fileEncoding = 4; lastKnownFileType = sourcecode.swift; name = Cookie.swift; path = ../Cookie.swift; sourceTree = "<group>"; };
		32BE455B198134930091C84E /* Array2D.swift */ = {isa = PBXFileReference; fileEncoding = 4; lastKnownFileType = sourcecode.swift; path = Array2D.swift; sourceTree = "<group>"; };
		32BE455D198138A50091C84E /* Set.swift */ = {isa = PBXFileReference; fileEncoding = 4; lastKnownFileType = sourcecode.swift; path = Set.swift; sourceTree = "<group>"; };
		32BE455F198139490091C84E /* Level.swift */ = {isa = PBXFileReference; fileEncoding = 4; lastKnownFileType = sourcecode.swift; path = Level.swift; sourceTree = "<group>"; };
		32BE456619813F660091C84E /* Level_0.json */ = {isa = PBXFileReference; fileEncoding = 4; lastKnownFileType = text.json; path = Level_0.json; sourceTree = "<group>"; };
		32BE456719813F660091C84E /* Level_1.json */ = {isa = PBXFileReference; fileEncoding = 4; lastKnownFileType = text.json; path = Level_1.json; sourceTree = "<group>"; };
		32BE456819813F660091C84E /* Level_2.json */ = {isa = PBXFileReference; fileEncoding = 4; lastKnownFileType = text.json; path = Level_2.json; sourceTree = "<group>"; };
		32BE456919813F660091C84E /* Level_3.json */ = {isa = PBXFileReference; fileEncoding = 4; lastKnownFileType = text.json; path = Level_3.json; sourceTree = "<group>"; };
		32BE456A19813F660091C84E /* Level_4.json */ = {isa = PBXFileReference; fileEncoding = 4; lastKnownFileType = text.json; path = Level_4.json; sourceTree = "<group>"; };
		32BE457019813FB80091C84E /* Tile.swift */ = {isa = PBXFileReference; fileEncoding = 4; lastKnownFileType = sourcecode.swift; path = Tile.swift; sourceTree = "<group>"; };
		32BE45721981405D0091C84E /* Extensions.swift */ = {isa = PBXFileReference; fileEncoding = 4; lastKnownFileType = sourcecode.swift; path = Extensions.swift; sourceTree = "<group>"; };
/* End PBXFileReference section */

/* Begin PBXFrameworksBuildPhase section */
		326E0895198130BE00586605 /* Frameworks */ = {
			isa = PBXFrameworksBuildPhase;
			buildActionMask = 2147483647;
			files = (
			);
			runOnlyForDeploymentPostprocessing = 0;
		};
		326E08AB198130BE00586605 /* Frameworks */ = {
			isa = PBXFrameworksBuildPhase;
			buildActionMask = 2147483647;
			files = (
			);
			runOnlyForDeploymentPostprocessing = 0;
		};
/* End PBXFrameworksBuildPhase section */

/* Begin PBXGroup section */
		326E088F198130BE00586605 = {
			isa = PBXGroup;
			children = (
				326E089A198130BE00586605 /* CoockieCrunch */,
				326E08B1198130BE00586605 /* CoockieCrunchTests */,
				326E0899198130BE00586605 /* Products */,
			);
			sourceTree = "<group>";
		};
		326E0899198130BE00586605 /* Products */ = {
			isa = PBXGroup;
			children = (
				326E0898198130BE00586605 /* CoockieCrunch.app */,
				326E08AE198130BE00586605 /* CoockieCrunchTests.xctest */,
			);
			name = Products;
			sourceTree = "<group>";
		};
		326E089A198130BE00586605 /* CoockieCrunch */ = {
			isa = PBXGroup;
			children = (
				326E089D198130BE00586605 /* AppDelegate.swift */,
				326E08A5198130BE00586605 /* Main.storyboard */,
				32BE456419813D480091C84E /* Controllers */,
				32BE456119813D080091C84E /* Models */,
				32BE456319813D2E0091C84E /* Views */,
				32BE456519813F660091C84E /* Levels */,
				32BE456219813D140091C84E /* Helpers */,
				326E08A8198130BE00586605 /* Images.xcassets */,
				326E08BE1981311C00586605 /* Sprites.atlas */,
				326E089B198130BE00586605 /* Supporting Files */,
			);
			path = CoockieCrunch;
			sourceTree = "<group>";
		};
		326E089B198130BE00586605 /* Supporting Files */ = {
			isa = PBXGroup;
			children = (
				326E089C198130BE00586605 /* Info.plist */,
			);
			name = "Supporting Files";
			sourceTree = "<group>";
		};
		326E08B1198130BE00586605 /* CoockieCrunchTests */ = {
			isa = PBXGroup;
			children = (
				326E08B4198130BE00586605 /* CoockieCrunchTests.swift */,
				326E08B2198130BE00586605 /* Supporting Files */,
			);
			path = CoockieCrunchTests;
			sourceTree = "<group>";
		};
		326E08B2198130BE00586605 /* Supporting Files */ = {
			isa = PBXGroup;
			children = (
				326E08B3198130BE00586605 /* Info.plist */,
			);
			name = "Supporting Files";
			sourceTree = "<group>";
		};
		32BE456119813D080091C84E /* Models */ = {
			isa = PBXGroup;
			children = (
				326E08C0198132A200586605 /* Cookie.swift */,
				32BE455F198139490091C84E /* Level.swift */,
				32BE457019813FB80091C84E /* Tile.swift */,
			);
			name = Models;
			sourceTree = "<group>";
		};
		32BE456219813D140091C84E /* Helpers */ = {
			isa = PBXGroup;
			children = (
				32BE455B198134930091C84E /* Array2D.swift */,
				32BE45721981405D0091C84E /* Extensions.swift */,
				32BE455D198138A50091C84E /* Set.swift */,
			);
			name = Helpers;
			sourceTree = "<group>";
		};
		32BE456319813D2E0091C84E /* Views */ = {
			isa = PBXGroup;
			children = (
				326E08A1198130BE00586605 /* GameScene.swift */,
			);
			name = Views;
			sourceTree = "<group>";
		};
		32BE456419813D480091C84E /* Controllers */ = {
			isa = PBXGroup;
			children = (
				326E08A3198130BE00586605 /* GameViewController.swift */,
			);
			name = Controllers;
			sourceTree = "<group>";
		};
		32BE456519813F660091C84E /* Levels */ = {
			isa = PBXGroup;
			children = (
				32BE456619813F660091C84E /* Level_0.json */,
				32BE456719813F660091C84E /* Level_1.json */,
				32BE456819813F660091C84E /* Level_2.json */,
				32BE456919813F660091C84E /* Level_3.json */,
				32BE456A19813F660091C84E /* Level_4.json */,
			);
			path = Levels;
			sourceTree = "<group>";
		};
/* End PBXGroup section */

/* Begin PBXNativeTarget section */
		326E0897198130BE00586605 /* CoockieCrunch */ = {
			isa = PBXNativeTarget;
			buildConfigurationList = 326E08B8198130BE00586605 /* Build configuration list for PBXNativeTarget "CoockieCrunch" */;
			buildPhases = (
				326E0894198130BE00586605 /* Sources */,
				326E0895198130BE00586605 /* Frameworks */,
				326E0896198130BE00586605 /* Resources */,
			);
			buildRules = (
			);
			dependencies = (
			);
			name = CoockieCrunch;
			productName = CoockieCrunch;
			productReference = 326E0898198130BE00586605 /* CoockieCrunch.app */;
			productType = "com.apple.product-type.application";
		};
		326E08AD198130BE00586605 /* CoockieCrunchTests */ = {
			isa = PBXNativeTarget;
			buildConfigurationList = 326E08BB198130BE00586605 /* Build configuration list for PBXNativeTarget "CoockieCrunchTests" */;
			buildPhases = (
				326E08AA198130BE00586605 /* Sources */,
				326E08AB198130BE00586605 /* Frameworks */,
				326E08AC198130BE00586605 /* Resources */,
			);
			buildRules = (
			);
			dependencies = (
				326E08B0198130BE00586605 /* PBXTargetDependency */,
			);
			name = CoockieCrunchTests;
			productName = CoockieCrunchTests;
			productReference = 326E08AE198130BE00586605 /* CoockieCrunchTests.xctest */;
			productType = "com.apple.product-type.bundle.unit-test";
		};
/* End PBXNativeTarget section */

/* Begin PBXProject section */
		326E0890198130BE00586605 /* Project object */ = {
			isa = PBXProject;
			attributes = {
				LastUpgradeCheck = 0600;
				ORGANIZATIONNAME = "Dariusz Cieśla";
				TargetAttributes = {
					326E0897198130BE00586605 = {
						CreatedOnToolsVersion = 6.0;
					};
					326E08AD198130BE00586605 = {
						CreatedOnToolsVersion = 6.0;
						TestTargetID = 326E0897198130BE00586605;
					};
				};
			};
			buildConfigurationList = 326E0893198130BE00586605 /* Build configuration list for PBXProject "CoockieCrunch" */;
			compatibilityVersion = "Xcode 3.2";
			developmentRegion = English;
			hasScannedForEncodings = 0;
			knownRegions = (
				en,
				Base,
			);
			mainGroup = 326E088F198130BE00586605;
			productRefGroup = 326E0899198130BE00586605 /* Products */;
			projectDirPath = "";
			projectRoot = "";
			targets = (
				326E0897198130BE00586605 /* CoockieCrunch */,
				326E08AD198130BE00586605 /* CoockieCrunchTests */,
			);
		};
/* End PBXProject section */

/* Begin PBXResourcesBuildPhase section */
		326E0896198130BE00586605 /* Resources */ = {
			isa = PBXResourcesBuildPhase;
			buildActionMask = 2147483647;
			files = (
				326E08A9198130BE00586605 /* Images.xcassets in Resources */,
				32BE456D19813F660091C84E /* Level_2.json in Resources */,
				32BE456E19813F660091C84E /* Level_3.json in Resources */,
				32BE456C19813F660091C84E /* Level_1.json in Resources */,
				326E08BF1981311C00586605 /* Sprites.atlas in Resources */,
				326E08A7198130BE00586605 /* Main.storyboard in Resources */,
				32BE456B19813F660091C84E /* Level_0.json in Resources */,
				32BE456F19813F660091C84E /* Level_4.json in Resources */,
			);
			runOnlyForDeploymentPostprocessing = 0;
		};
		326E08AC198130BE00586605 /* Resources */ = {
			isa = PBXResourcesBuildPhase;
			buildActionMask = 2147483647;
			files = (
			);
			runOnlyForDeploymentPostprocessing = 0;
		};
/* End PBXResourcesBuildPhase section */

/* Begin PBXSourcesBuildPhase section */
		326E0894198130BE00586605 /* Sources */ = {
			isa = PBXSourcesBuildPhase;
			buildActionMask = 2147483647;
			files = (
				326E08A2198130BE00586605 /* GameScene.swift in Sources */,
				32BE45731981405D0091C84E /* Extensions.swift in Sources */,
				32BE4560198139490091C84E /* Level.swift in Sources */,
				326E08C1198132A200586605 /* Cookie.swift in Sources */,
				32BE457119813FB80091C84E /* Tile.swift in Sources */,
				32BE455E198138A50091C84E /* Set.swift in Sources */,
				326E08A4198130BE00586605 /* GameViewController.swift in Sources */,
				326E089E198130BE00586605 /* AppDelegate.swift in Sources */,
				32BE455C198134930091C84E /* Array2D.swift in Sources */,
			);
			runOnlyForDeploymentPostprocessing = 0;
		};
		326E08AA198130BE00586605 /* Sources */ = {
			isa = PBXSourcesBuildPhase;
			buildActionMask = 2147483647;
			files = (
				326E08B5198130BE00586605 /* CoockieCrunchTests.swift in Sources */,
			);
			runOnlyForDeploymentPostprocessing = 0;
		};
/* End PBXSourcesBuildPhase section */

/* Begin PBXTargetDependency section */
		326E08B0198130BE00586605 /* PBXTargetDependency */ = {
			isa = PBXTargetDependency;
			target = 326E0897198130BE00586605 /* CoockieCrunch */;
			targetProxy = 326E08AF198130BE00586605 /* PBXContainerItemProxy */;
		};
/* End PBXTargetDependency section */

/* Begin PBXVariantGroup section */
		326E08A5198130BE00586605 /* Main.storyboard */ = {
			isa = PBXVariantGroup;
			children = (
				326E08A6198130BE00586605 /* Base */,
			);
			name = Main.storyboard;
			sourceTree = "<group>";
		};
/* End PBXVariantGroup section */

/* Begin XCBuildConfiguration section */
		326E08B6198130BE00586605 /* Debug */ = {
			isa = XCBuildConfiguration;
			buildSettings = {
				ALWAYS_SEARCH_USER_PATHS = NO;
				CLANG_CXX_LANGUAGE_STANDARD = "gnu++0x";
				CLANG_CXX_LIBRARY = "libc++";
				CLANG_ENABLE_MODULES = YES;
				CLANG_ENABLE_OBJC_ARC = YES;
				CLANG_WARN_BOOL_CONVERSION = YES;
				CLANG_WARN_CONSTANT_CONVERSION = YES;
				CLANG_WARN_DIRECT_OBJC_ISA_USAGE = YES_ERROR;
				CLANG_WARN_EMPTY_BODY = YES;
				CLANG_WARN_ENUM_CONVERSION = YES;
				CLANG_WARN_INT_CONVERSION = YES;
				CLANG_WARN_OBJC_ROOT_CLASS = YES_ERROR;
				CLANG_WARN_UNREACHABLE_CODE = YES;
				CLANG_WARN__DUPLICATE_METHOD_MATCH = YES;
				"CODE_SIGN_IDENTITY[sdk=iphoneos*]" = "iPhone Developer";
				COPY_PHASE_STRIP = NO;
				ENABLE_STRICT_OBJC_MSGSEND = YES;
				GCC_C_LANGUAGE_STANDARD = gnu99;
				GCC_DYNAMIC_NO_PIC = NO;
				GCC_OPTIMIZATION_LEVEL = 0;
				GCC_PREPROCESSOR_DEFINITIONS = (
					"DEBUG=1",
					"$(inherited)",
				);
				GCC_SYMBOLS_PRIVATE_EXTERN = NO;
				GCC_WARN_64_TO_32_BIT_CONVERSION = YES;
				GCC_WARN_ABOUT_RETURN_TYPE = YES_ERROR;
				GCC_WARN_UNDECLARED_SELECTOR = YES;
				GCC_WARN_UNINITIALIZED_AUTOS = YES_AGGRESSIVE;
				GCC_WARN_UNUSED_FUNCTION = YES;
				GCC_WARN_UNUSED_VARIABLE = YES;
				IPHONEOS_DEPLOYMENT_TARGET = 8.0;
				MTL_ENABLE_DEBUG_INFO = YES;
				ONLY_ACTIVE_ARCH = YES;
				SDKROOT = iphoneos;
				SWIFT_OPTIMIZATION_LEVEL = "-Onone";
			};
			name = Debug;
		};
		326E08B7198130BE00586605 /* Release */ = {
			isa = XCBuildConfiguration;
			buildSettings = {
				ALWAYS_SEARCH_USER_PATHS = NO;
				CLANG_CXX_LANGUAGE_STANDARD = "gnu++0x";
				CLANG_CXX_LIBRARY = "libc++";
				CLANG_ENABLE_MODULES = YES;
				CLANG_ENABLE_OBJC_ARC = YES;
				CLANG_WARN_BOOL_CONVERSION = YES;
				CLANG_WARN_CONSTANT_CONVERSION = YES;
				CLANG_WARN_DIRECT_OBJC_ISA_USAGE = YES_ERROR;
				CLANG_WARN_EMPTY_BODY = YES;
				CLANG_WARN_ENUM_CONVERSION = YES;
				CLANG_WARN_INT_CONVERSION = YES;
				CLANG_WARN_OBJC_ROOT_CLASS = YES_ERROR;
				CLANG_WARN_UNREACHABLE_CODE = YES;
				CLANG_WARN__DUPLICATE_METHOD_MATCH = YES;
				"CODE_SIGN_IDENTITY[sdk=iphoneos*]" = "iPhone Developer";
				COPY_PHASE_STRIP = YES;
				ENABLE_NS_ASSERTIONS = NO;
				ENABLE_STRICT_OBJC_MSGSEND = YES;
				GCC_C_LANGUAGE_STANDARD = gnu99;
				GCC_WARN_64_TO_32_BIT_CONVERSION = YES;
				GCC_WARN_ABOUT_RETURN_TYPE = YES_ERROR;
				GCC_WARN_UNDECLARED_SELECTOR = YES;
				GCC_WARN_UNINITIALIZED_AUTOS = YES_AGGRESSIVE;
				GCC_WARN_UNUSED_FUNCTION = YES;
				GCC_WARN_UNUSED_VARIABLE = YES;
				IPHONEOS_DEPLOYMENT_TARGET = 8.0;
				MTL_ENABLE_DEBUG_INFO = NO;
				SDKROOT = iphoneos;
				VALIDATE_PRODUCT = YES;
			};
			name = Release;
		};
		326E08B9198130BE00586605 /* Debug */ = {
			isa = XCBuildConfiguration;
			buildSettings = {
				ASSETCATALOG_COMPILER_APPICON_NAME = AppIcon;
				ASSETCATALOG_COMPILER_LAUNCHIMAGE_NAME = LaunchImage;
				INFOPLIST_FILE = CoockieCrunch/Info.plist;
				LD_RUNPATH_SEARCH_PATHS = "$(inherited) @executable_path/Frameworks";
				PRODUCT_NAME = "$(TARGET_NAME)";
			};
			name = Debug;
		};
		326E08BA198130BE00586605 /* Release */ = {
			isa = XCBuildConfiguration;
			buildSettings = {
				ASSETCATALOG_COMPILER_APPICON_NAME = AppIcon;
				ASSETCATALOG_COMPILER_LAUNCHIMAGE_NAME = LaunchImage;
				INFOPLIST_FILE = CoockieCrunch/Info.plist;
				LD_RUNPATH_SEARCH_PATHS = "$(inherited) @executable_path/Frameworks";
				PRODUCT_NAME = "$(TARGET_NAME)";
			};
			name = Release;
		};
		326E08BC198130BE00586605 /* Debug */ = {
			isa = XCBuildConfiguration;
			buildSettings = {
				BUNDLE_LOADER = "$(BUILT_PRODUCTS_DIR)/CoockieCrunch.app/CoockieCrunch";
				FRAMEWORK_SEARCH_PATHS = (
					"$(SDKROOT)/Developer/Library/Frameworks",
					"$(inherited)",
				);
				GCC_PREPROCESSOR_DEFINITIONS = (
					"DEBUG=1",
					"$(inherited)",
				);
				INFOPLIST_FILE = CoockieCrunchTests/Info.plist;
				LD_RUNPATH_SEARCH_PATHS = "$(inherited) @executable_path/Frameworks @loader_path/Frameworks";
				PRODUCT_NAME = "$(TARGET_NAME)";
				TEST_HOST = "$(BUNDLE_LOADER)";
			};
			name = Debug;
		};
		326E08BD198130BE00586605 /* Release */ = {
			isa = XCBuildConfiguration;
			buildSettings = {
				BUNDLE_LOADER = "$(BUILT_PRODUCTS_DIR)/CoockieCrunch.app/CoockieCrunch";
				FRAMEWORK_SEARCH_PATHS = (
					"$(SDKROOT)/Developer/Library/Frameworks",
					"$(inherited)",
				);
				INFOPLIST_FILE = CoockieCrunchTests/Info.plist;
				LD_RUNPATH_SEARCH_PATHS = "$(inherited) @executable_path/Frameworks @loader_path/Frameworks";
				PRODUCT_NAME = "$(TARGET_NAME)";
				TEST_HOST = "$(BUNDLE_LOADER)";
			};
			name = Release;
		};
/* End XCBuildConfiguration section */

/* Begin XCConfigurationList section */
		326E0893198130BE00586605 /* Build configuration list for PBXProject "CoockieCrunch" */ = {
			isa = XCConfigurationList;
			buildConfigurations = (
				326E08B6198130BE00586605 /* Debug */,
				326E08B7198130BE00586605 /* Release */,
			);
			defaultConfigurationIsVisible = 0;
			defaultConfigurationName = Release;
		};
		326E08B8198130BE00586605 /* Build configuration list for PBXNativeTarget "CoockieCrunch" */ = {
			isa = XCConfigurationList;
			buildConfigurations = (
				326E08B9198130BE00586605 /* Debug */,
				326E08BA198130BE00586605 /* Release */,
			);
			defaultConfigurationIsVisible = 0;
			defaultConfigurationName = Release;
		};
		326E08BB198130BE00586605 /* Build configuration list for PBXNativeTarget "CoockieCrunchTests" */ = {
			isa = XCConfigurationList;
			buildConfigurations = (
				326E08BC198130BE00586605 /* Debug */,
				326E08BD198130BE00586605 /* Release */,
			);
			defaultConfigurationIsVisible = 0;
			defaultConfigurationName = Release;
		};
/* End XCConfigurationList section */
	};
	rootObject = 326E0890198130BE00586605 /* Project object */;
}
